{
  "requires": true,
  "lockfileVersion": 1,
  "dependencies": {
    "tiny-cookie": {
      "version": "2.3.1",
      "resolved": "https://registry.npmjs.org/tiny-cookie/-/tiny-cookie-2.3.1.tgz",
      "integrity": "sha512-C4x1e8dHfKf03ewuN9aIZzzOfN2a6QKhYlnHdzJxmmjMTLqcskI20F+EplszjODQ4SHmIGFJrvUUnBMS/bJbOA=="
    },
    "vue": {
      "version": "2.6.10",
      "resolved": "https://registry.npmjs.org/vue/-/vue-2.6.10.tgz",
      "integrity": "sha512-ImThpeNU9HbdZL3utgMCq0oiMzAkt1mcgy3/E6zWC/G6AaQoeuFdsl9nDhTDU3X1R6FK7nsIUuRACVcjI+A2GQ=="
    }
  }
}
